{
  "nodes": {
    "nixpkgs": {
      "locked": {
        "lastModified": 1731174838,
        "narHash": "sha256-NNxCf8uJP3PbS99sifsUTad94AL1C8FgXyK1JiULwaQ=",
        "owner": "paveloom",
        "repo": "nixpkgs",
        "rev": "5597fcdf2716a2e3a16cfe852dd1b7e7a248a6ef",
        "type": "github"
      },
      "original": {
        "owner": "paveloom",
        "ref": "system",
        "repo": "nixpkgs",
        "type": "github"
      }
    },
    "root": {
      "inputs": {
        "nixpkgs": "nixpkgs"
      }
    }
  },
  "root": "root",
  "version": 7
}
